
Microsoft Visual Studio Solution File, Format Version 12.00
# Visual Studio Version 16
VisualStudioVersion = 16.0.30717.126
MinimumVisualStudioVersion = 10.0.40219.1
Project("{9A19103F-16F7-4668-BE54-9A1E7A4F7556}") = "Emma.Core.Tests", "Emma.Core.Tests\Emma.Core.Tests.csproj", "{A2DC46BF-3660-4865-9635-FAB99B9731FE}"
EndProject
Project("{FAE04EC0-301F-11D3-BF4B-00C04F79EFBC}") = "Emma.XamlControls", "Emma.XamlControls\Emma.XamlControls.csproj", "{4E446259-AEE6-41DF-B0F0-E724EAEA4FFD}"
EndProject
Project("{FAE04EC0-301F-11D3-BF4B-00C04F79EFBC}") = "Emma.WpfTestApp", "Emma.WpfTestApp\Emma.WpfTestApp.csproj", "{0CD9EDA5-8D47-4F72-8308-25C7E4B581E9}"
EndProject
Project("{FAE04EC0-301F-11D3-BF4B-00C04F79EFBC}") = "Emma.VSIX", "Emma.VSIX\Emma.VSIX.csproj", "{B8DACD40-6BDD-4D8B-B665-62E674865FB9}"
EndProject
Project("{9A19103F-16F7-4668-BE54-9A1E7A4F7556}") = "Emma.Common", "Emma.Common\Emma.Common.csproj", "{BC6EC01B-158A-4A26-A4C8-766BC113AC17}"
EndProject
Project("{FAE04EC0-301F-11D3-BF4B-00C04F79EFBC}") = "Emma.XamlControls.Tests", "Emma.XamlControls.Tests\Emma.XamlControls.Tests.csproj", "{D96ED96A-9D3A-4B61-A159-96E095B6AEE7}"
EndProject
Project("{2150E333-8FDC-42A3-9474-1A3956D46DE8}") = "Solution Items", "Solution Items", "{B9769F24-14D7-4A18-88D9-AEB0585B0E80}"
	ProjectSection(SolutionItems) = preProject
		README.md = README.md
		TODO.md = TODO.md
	EndProjectSection
EndProject
Global
	GlobalSection(SolutionConfigurationPlatforms) = preSolution
		Debug|Any CPU = Debug|Any CPU
		Release|Any CPU = Release|Any CPU
	EndGlobalSection
	GlobalSection(ProjectConfigurationPlatforms) = postSolution
		{A2DC46BF-3660-4865-9635-FAB99B9731FE}.Debug|Any CPU.ActiveCfg = Debug|Any CPU
		{A2DC46BF-3660-4865-9635-FAB99B9731FE}.Debug|Any CPU.Build.0 = Debug|Any CPU
		{A2DC46BF-3660-4865-9635-FAB99B9731FE}.Release|Any CPU.ActiveCfg = Release|Any CPU
		{A2DC46BF-3660-4865-9635-FAB99B9731FE}.Release|Any CPU.Build.0 = Release|Any CPU
		{4E446259-AEE6-41DF-B0F0-E724EAEA4FFD}.Debug|Any CPU.ActiveCfg = Debug|Any CPU
		{4E446259-AEE6-41DF-B0F0-E724EAEA4FFD}.Debug|Any CPU.Build.0 = Debug|Any CPU
		{4E446259-AEE6-41DF-B0F0-E724EAEA4FFD}.Release|Any CPU.ActiveCfg = Release|Any CPU
		{4E446259-AEE6-41DF-B0F0-E724EAEA4FFD}.Release|Any CPU.Build.0 = Release|Any CPU
		{0CD9EDA5-8D47-4F72-8308-25C7E4B581E9}.Debug|Any CPU.ActiveCfg = Debug|Any CPU
		{0CD9EDA5-8D47-4F72-8308-25C7E4B581E9}.Debug|Any CPU.Build.0 = Debug|Any CPU
		{0CD9EDA5-8D47-4F72-8308-25C7E4B581E9}.Release|Any CPU.ActiveCfg = Release|Any CPU
		{0CD9EDA5-8D47-4F72-8308-25C7E4B581E9}.Release|Any CPU.Build.0 = Release|Any CPU
		{B8DACD40-6BDD-4D8B-B665-62E674865FB9}.Debug|Any CPU.ActiveCfg = Debug|Any CPU
		{B8DACD40-6BDD-4D8B-B665-62E674865FB9}.Debug|Any CPU.Build.0 = Debug|Any CPU
		{B8DACD40-6BDD-4D8B-B665-62E674865FB9}.Release|Any CPU.ActiveCfg = Release|Any CPU
		{B8DACD40-6BDD-4D8B-B665-62E674865FB9}.Release|Any CPU.Build.0 = Release|Any CPU
		{BC6EC01B-158A-4A26-A4C8-766BC113AC17}.Debug|Any CPU.ActiveCfg = Debug|Any CPU
		{BC6EC01B-158A-4A26-A4C8-766BC113AC17}.Debug|Any CPU.Build.0 = Debug|Any CPU
		{BC6EC01B-158A-4A26-A4C8-766BC113AC17}.Release|Any CPU.ActiveCfg = Release|Any CPU
		{BC6EC01B-158A-4A26-A4C8-766BC113AC17}.Release|Any CPU.Build.0 = Release|Any CPU
		{D96ED96A-9D3A-4B61-A159-96E095B6AEE7}.Debug|Any CPU.ActiveCfg = Debug|Any CPU
		{D96ED96A-9D3A-4B61-A159-96E095B6AEE7}.Debug|Any CPU.Build.0 = Debug|Any CPU
		{D96ED96A-9D3A-4B61-A159-96E095B6AEE7}.Release|Any CPU.ActiveCfg = Release|Any CPU
		{D96ED96A-9D3A-4B61-A159-96E095B6AEE7}.Release|Any CPU.Build.0 = Release|Any CPU
	EndGlobalSection
	GlobalSection(SolutionProperties) = preSolution
		HideSolutionNode = FALSE
	EndGlobalSection
	GlobalSection(ExtensibilityGlobals) = postSolution
		SolutionGuid = {EA77E385-D1F3-4638-8630-784CFA3C5F0A}
	EndGlobalSection
EndGlobal
